<Solution>
  <Folder Name="/Solution Items/">
    <File Path=".gitignore" />
  </Folder>
  <Project Path="BankManagementSystem.Business/BankManagementSystem.Business.csproj" />
  <Project Path="BankManagementSystem.Data/BankManagementSystem.Data.csproj" />
  <Project Path="BankManagementSystem.UI/BankManagementSystem.UI.csproj" />
</Solution>
